schema: '2.0'
stages:
  get_data:
    cmd: python scripts/data.py
    deps:
    - path: scripts/data.py
      hash: md5
      md5: 0cb91ccf334d3a8c724bcfb33d59cc59
      size: 1495
    params:
      params.yaml:
        index_col: customer_id
    outs:
    - path: data/initial_data.csv
      hash: md5
      md5: abe652a7dfe84474cd63bbd2fa81afa7
      size: 822095
      cloud:
        my_storage:
          etag: abe652a7dfe84474cd63bbd2fa81afa7
          version_id: 00064B2F0E396A6E
  fit_model:
    cmd: python scripts/fit.py
    deps:
    - path: data/initial_data.csv
      hash: md5
      md5: abe652a7dfe84474cd63bbd2fa81afa7
      size: 822095
    - path: scripts/fit.py
      hash: md5
      md5: 2b463cf95465a572e3623250fe7576fd
      size: 1791
    params:
      params.yaml:
        C: 1
        index_col: customer_id
        one_hot_drop: if_binary
        penalty: l2
        target_col: target
    outs:
    - path: models/fitted_model.pkl
      hash: md5
      md5: dcf5cb39de7de98a3d48d6f3607863a3
      size: 11870
      cloud:
        my_storage:
          etag: dcf5cb39de7de98a3d48d6f3607863a3
          version_id: 00064B409EF8858D
  evaluate_model:
    cmd: python scripts/evaluate.py
    deps:
    - path: models/fitted_model.pkl
      hash: md5
      md5: dcf5cb39de7de98a3d48d6f3607863a3
      size: 11870
    - path: scripts/evaluate.py
      hash: md5
      md5: 3e7b304fef97cbf3fd10481a3827eca8
      size: 1216
    params:
      params.yaml:
        index_col: customer_id
        metrics:
        - f1
        - roc_auc
        n_jobs: -1
        n_splits: 5
        target_col: target
    outs:
    - path: cv_results/cv_res.json
      hash: md5
      md5: 2365c2d502e128f5fb64f3aeacfd9aec
      size: 77
      cloud:
        my_storage:
          etag: 2365c2d502e128f5fb64f3aeacfd9aec
          version_id: 00064B409EF8F20A
